// !$*UTF8*$!
{
	archiveVersion = 1;
	classes = {
	};
	objectVersion = 46;
	objects = {

/* Begin PBXBuildFile section */
		B1FB863E85E5BD6A568CC997 /* Pods_DogCRUD.framework in Frameworks */ = {isa = PBXBuildFile; fileRef = 7856423543AACCA752504FB0 /* Pods_DogCRUD.framework */; };
		C2B0DE821F0C163300DF9983 /* AppDelegate.swift in Sources */ = {isa = PBXBuildFile; fileRef = C2B0DE811F0C163300DF9983 /* AppDelegate.swift */; };
		C2B0DE841F0C163300DF9983 /* ViewController.swift in Sources */ = {isa = PBXBuildFile; fileRef = C2B0DE831F0C163300DF9983 /* ViewController.swift */; };
		C2B0DE871F0C163300DF9983 /* Main.storyboard in Resources */ = {isa = PBXBuildFile; fileRef = C2B0DE851F0C163300DF9983 /* Main.storyboard */; };
		C2B0DE891F0C163300DF9983 /* Assets.xcassets in Resources */ = {isa = PBXBuildFile; fileRef = C2B0DE881F0C163300DF9983 /* Assets.xcassets */; };
		C2B0DE8C1F0C163300DF9983 /* LaunchScreen.storyboard in Resources */ = {isa = PBXBuildFile; fileRef = C2B0DE8A1F0C163300DF9983 /* LaunchScreen.storyboard */; };
/* End PBXBuildFile section */

/* Begin PBXFileReference section */
		7856423543AACCA752504FB0 /* Pods_DogCRUD.framework */ = {isa = PBXFileReference; explicitFileType = wrapper.framework; includeInIndex = 0; path = Pods_DogCRUD.framework; sourceTree = BUILT_PRODUCTS_DIR; };
		9426295BA7F44CF1C41BF715 /* Pods-DogCRUD.debug.xcconfig */ = {isa = PBXFileReference; includeInIndex = 1; lastKnownFileType = text.xcconfig; name = "Pods-DogCRUD.debug.xcconfig"; path = "Pods/Target Support Files/Pods-DogCRUD/Pods-DogCRUD.debug.xcconfig"; sourceTree = "<group>"; };
		9F72942CE970D95E462BC60F /* Pods-DogCRUD.release.xcconfig */ = {isa = PBXFileReference; includeInIndex = 1; lastKnownFileType = text.xcconfig; name = "Pods-DogCRUD.release.xcconfig"; path = "Pods/Target Support Files/Pods-DogCRUD/Pods-DogCRUD.release.xcconfig"; sourceTree = "<group>"; };
		C2B0DE7E1F0C163300DF9983 /* DogCRUD.app */ = {isa = PBXFileReference; explicitFileType = wrapper.application; includeInIndex = 0; path = DogCRUD.app; sourceTree = BUILT_PRODUCTS_DIR; };
		C2B0DE811F0C163300DF9983 /* AppDelegate.swift */ = {isa = PBXFileReference; lastKnownFileType = sourcecode.swift; path = AppDelegate.swift; sourceTree = "<group>"; };
		C2B0DE831F0C163300DF9983 /* ViewController.swift */ = {isa = PBXFileReference; lastKnownFileType = sourcecode.swift; path = ViewController.swift; sourceTree = "<group>"; };
		C2B0DE861F0C163300DF9983 /* Base */ = {isa = PBXFileReference; lastKnownFileType = file.storyboard; name = Base; path = Base.lproj/Main.storyboard; sourceTree = "<group>"; };
		C2B0DE881F0C163300DF9983 /* Assets.xcassets */ = {isa = PBXFileReference; lastKnownFileType = folder.assetcatalog; path = Assets.xcassets; sourceTree = "<group>"; };
		C2B0DE8B1F0C163300DF9983 /* Base */ = {isa = PBXFileReference; lastKnownFileType = file.storyboard; name = Base; path = Base.lproj/LaunchScreen.storyboard; sourceTree = "<group>"; };
		C2B0DE8D1F0C163300DF9983 /* Info.plist */ = {isa = PBXFileReference; lastKnownFileType = text.plist.xml; path = Info.plist; sourceTree = "<group>"; };
/* End PBXFileReference section */

/* Begin PBXFrameworksBuildPhase section */
		C2B0DE7B1F0C163300DF9983 /* Frameworks */ = {
			isa = PBXFrameworksBuildPhase;
			buildActionMask = 2147483647;
			files = (
				B1FB863E85E5BD6A568CC997 /* Pods_DogCRUD.framework in Frameworks */,
			);
			runOnlyForDeploymentPostprocessing = 0;
		};
/* End PBXFrameworksBuildPhase section */

/* Begin PBXGroup section */
		9E795614DC381F5CBD134033 /* Pods */ = {
			isa = PBXGroup;
			children = (
				9426295BA7F44CF1C41BF715 /* Pods-DogCRUD.debug.xcconfig */,
				9F72942CE970D95E462BC60F /* Pods-DogCRUD.release.xcconfig */,
			);
			name = Pods;
			sourceTree = "<group>";
		};
		C2B0DE751F0C163300DF9983 = {
			isa = PBXGroup;
			children = (
				C2B0DE801F0C163300DF9983 /* DogCRUD */,
				C2B0DE7F1F0C163300DF9983 /* Products */,
				9E795614DC381F5CBD134033 /* Pods */,
				FD623F83A67DBC4122552FE7 /* Frameworks */,
			);
			sourceTree = "<group>";
		};
		C2B0DE7F1F0C163300DF9983 /* Products */ = {
			isa = PBXGroup;
			children = (
				C2B0DE7E1F0C163300DF9983 /* DogCRUD.app */,
			);
			name = Products;
			sourceTree = "<group>";
		};
		C2B0DE801F0C163300DF9983 /* DogCRUD */ = {
			isa = PBXGroup;
			children = (
				C2B0DE811F0C163300DF9983 /* AppDelegate.swift */,
				C2B0DE831F0C163300DF9983 /* ViewController.swift */,
				C2B0DE851F0C163300DF9983 /* Main.storyboard */,
				C2B0DE881F0C163300DF9983 /* Assets.xcassets */,
				C2B0DE8A1F0C163300DF9983 /* LaunchScreen.storyboard */,
				C2B0DE8D1F0C163300DF9983 /* Info.plist */,
			);
			path = DogCRUD;
			sourceTree = "<group>";
		};
		FD623F83A67DBC4122552FE7 /* Frameworks */ = {
			isa = PBXGroup;
			children = (
				7856423543AACCA752504FB0 /* Pods_DogCRUD.framework */,
			);
			name = Frameworks;
			sourceTree = "<group>";
		};
/* End PBXGroup section */

/* Begin PBXNativeTarget section */
		C2B0DE7D1F0C163300DF9983 /* DogCRUD */ = {
			isa = PBXNativeTarget;
			buildConfigurationList = C2B0DE901F0C163300DF9983 /* Build configuration list for PBXNativeTarget "DogCRUD" */;
			buildPhases = (
				5897AB9B1B4641257C1326E2 /* [CP] Check Pods Manifest.lock */,
				C2B0DE7A1F0C163300DF9983 /* Sources */,
				C2B0DE7B1F0C163300DF9983 /* Frameworks */,
				C2B0DE7C1F0C163300DF9983 /* Resources */,
				84A52B3F66FD359AE2BE476A /* [CP] Embed Pods Frameworks */,
				8569A8E8C416902097F16CE8 /* [CP] Copy Pods Resources */,
			);
			buildRules = (
			);
			dependencies = (
			);
			name = DogCRUD;
			productName = DogCRUD;
			productReference = C2B0DE7E1F0C163300DF9983 /* DogCRUD.app */;
			productType = "com.apple.product-type.application";
		};
/* End PBXNativeTarget section */

/* Begin PBXProject section */
		C2B0DE761F0C163300DF9983 /* Project object */ = {
			isa = PBXProject;
			attributes = {
				LastSwiftUpdateCheck = 0830;
				LastUpgradeCheck = 0830;
				ORGANIZATIONNAME = BEPiD;
				TargetAttributes = {
					C2B0DE7D1F0C163300DF9983 = {
						CreatedOnToolsVersion = 8.3;
						DevelopmentTeam = B33RKQE9R2;
						ProvisioningStyle = Automatic;
					};
				};
			};
			buildConfigurationList = C2B0DE791F0C163300DF9983 /* Build configuration list for PBXProject "DogCRUD" */;
			compatibilityVersion = "Xcode 3.2";
			developmentRegion = English;
			hasScannedForEncodings = 0;
			knownRegions = (
				en,
				Base,
			);
			mainGroup = C2B0DE751F0C163300DF9983;
			productRefGroup = C2B0DE7F1F0C163300DF9983 /* Products */;
			projectDirPath = "";
			projectRoot = "";
			targets = (
				C2B0DE7D1F0C163300DF9983 /* DogCRUD */,
			);
		};
/* End PBXProject section */

/* Begin PBXResourcesBuildPhase section */
		C2B0DE7C1F0C163300DF9983 /* Resources */ = {
			isa = PBXResourcesBuildPhase;
			buildActionMask = 2147483647;
			files = (
				C2B0DE8C1F0C163300DF9983 /* LaunchScreen.storyboard in Resources */,
				C2B0DE891F0C163300DF9983 /* Assets.xcassets in Resources */,
				C2B0DE871F0C163300DF9983 /* Main.storyboard in Resources */,
			);
			runOnlyForDeploymentPostprocessing = 0;
		};
/* End PBXResourcesBuildPhase section */

/* Begin PBXShellScriptBuildPhase section */
		5897AB9B1B4641257C1326E2 /* [CP] Check Pods Manifest.lock */ = {
			isa = PBXShellScriptBuildPhase;
			buildActionMask = 2147483647;
			files = (
			);
			inputPaths = (
			);
			name = "[CP] Check Pods Manifest.lock";
			outputPaths = (
			);
			runOnlyForDeploymentPostprocessing = 0;
			shellPath = /bin/sh;
			shellScript = "diff \"${PODS_PODFILE_DIR_PATH}/Podfile.lock\" \"${PODS_ROOT}/Manifest.lock\" > /dev/null\nif [ $? != 0 ] ; then\n    # print error to STDERR\n    echo \"error: The sandbox is not in sync with the Podfile.lock. Run 'pod install' or update your CocoaPods installation.\" >&2\n    exit 1\nfi\n";
			showEnvVarsInLog = 0;
		};
		84A52B3F66FD359AE2BE476A /* [CP] Embed Pods Frameworks */ = {
			isa = PBXShellScriptBuildPhase;
			buildActionMask = 2147483647;
			files = (
			);
			inputPaths = (
			);
			name = "[CP] Embed Pods Frameworks";
			outputPaths = (
			);
			runOnlyForDeploymentPostprocessing = 0;
			shellPath = /bin/sh;
			shellScript = "\"${SRCROOT}/Pods/Target Support Files/Pods-DogCRUD/Pods-DogCRUD-frameworks.sh\"\n";
			showEnvVarsInLog = 0;
		};
		8569A8E8C416902097F16CE8 /* [CP] Copy Pods Resources */ = {
			isa = PBXShellScriptBuildPhase;
			buildActionMask = 2147483647;
			files = (
			);
			inputPaths = (
			);
			name = "[CP] Copy Pods Resources";
			outputPaths = (
			);
			runOnlyForDeploymentPostprocessing = 0;
			shellPath = /bin/sh;
			shellScript = "\"${SRCROOT}/Pods/Target Support Files/Pods-DogCRUD/Pods-DogCRUD-resources.sh\"\n";
			showEnvVarsInLog = 0;
		};
/* End PBXShellScriptBuildPhase section */

/* Begin PBXSourcesBuildPhase section */
		C2B0DE7A1F0C163300DF9983 /* Sources */ = {
			isa = PBXSourcesBuildPhase;
			buildActionMask = 2147483647;
			files = (
				C2B0DE841F0C163300DF9983 /* ViewController.swift in Sources */,
				C2B0DE821F0C163300DF9983 /* AppDelegate.swift in Sources */,
			);
			runOnlyForDeploymentPostprocessing = 0;
		};
/* End PBXSourcesBuildPhase section */

/* Begin PBXVariantGroup section */
		C2B0DE851F0C163300DF9983 /* Main.storyboard */ = {
			isa = PBXVariantGroup;
			children = (
				C2B0DE861F0C163300DF9983 /* Base */,
			);
			name = Main.storyboard;
			sourceTree = "<group>";
		};
		C2B0DE8A1F0C163300DF9983 /* LaunchScreen.storyboard */ = {
			isa = PBXVariantGroup;
			children = (
				C2B0DE8B1F0C163300DF9983 /* Base */,
			);
			name = LaunchScreen.storyboard;
			sourceTree = "<group>";
		};
/* End PBXVariantGroup section */

/* Begin XCBuildConfiguration section */
		C2B0DE8E1F0C163300DF9983 /* Debug */ = {
			isa = XCBuildConfiguration;
			buildSettings = {
				ALWAYS_SEARCH_USER_PATHS = NO;
				CLANG_ANALYZER_NONNULL = YES;
				CLANG_ANALYZER_NUMBER_OBJECT_CONVERSION = YES_AGGRESSIVE;
				CLANG_CXX_LANGUAGE_STANDARD = "gnu++0x";
				CLANG_CXX_LIBRARY = "libc++";
				CLANG_ENABLE_MODULES = YES;
				CLANG_ENABLE_OBJC_ARC = YES;
				CLANG_WARN_BOOL_CONVERSION = YES;
				CLANG_WARN_CONSTANT_CONVERSION = YES;
				CLANG_WARN_DIRECT_OBJC_ISA_USAGE = YES_ERROR;
				CLANG_WARN_DOCUMENTATION_COMMENTS = YES;
				CLANG_WARN_EMPTY_BODY = YES;
				CLANG_WARN_ENUM_CONVERSION = YES;
				CLANG_WARN_INFINITE_RECURSION = YES;
				CLANG_WARN_INT_CONVERSION = YES;
				CLANG_WARN_OBJC_ROOT_CLASS = YES_ERROR;
				CLANG_WARN_SUSPICIOUS_MOVE = YES;
				CLANG_WARN_UNREACHABLE_CODE = YES;
				CLANG_WARN__DUPLICATE_METHOD_MATCH = YES;
				"CODE_SIGN_IDENTITY[sdk=iphoneos*]" = "iPhone Developer";
				COPY_PHASE_STRIP = NO;
				DEBUG_INFORMATION_FORMAT = dwarf;
				ENABLE_STRICT_OBJC_MSGSEND = YES;
				ENABLE_TESTABILITY = YES;
				GCC_C_LANGUAGE_STANDARD = gnu99;
				GCC_DYNAMIC_NO_PIC = NO;
				GCC_NO_COMMON_BLOCKS = YES;
				GCC_OPTIMIZATION_LEVEL = 0;
				GCC_PREPROCESSOR_DEFINITIONS = (
					"DEBUG=1",
					"$(inherited)",
				);
				GCC_WARN_64_TO_32_BIT_CONVERSION = YES;
				GCC_WARN_ABOUT_RETURN_TYPE = YES_ERROR;
				GCC_WARN_UNDECLARED_SELECTOR = YES;
				GCC_WARN_UNINITIALIZED_AUTOS = YES_AGGRESSIVE;
				GCC_WARN_UNUSED_FUNCTION = YES;
				GCC_WARN_UNUSED_VARIABLE = YES;
				IPHONEOS_DEPLOYMENT_TARGET = 10.3;
				MTL_ENABLE_DEBUG_INFO = YES;
				ONLY_ACTIVE_ARCH = YES;
				SDKROOT = iphoneos;
				SWIFT_ACTIVE_COMPILATION_CONDITIONS = DEBUG;
				SWIFT_OPTIMIZATION_LEVEL = "-Onone";
				TARGETED_DEVICE_FAMILY = "1,2";
			};
			name = Debug;
		};
		C2B0DE8F1F0C163300DF9983 /* Release */ = {
			isa = XCBuildConfiguration;
			buildSettings = {
				ALWAYS_SEARCH_USER_PATHS = NO;
				CLANG_ANALYZER_NONNULL = YES;
				CLANG_ANALYZER_NUMBER_OBJECT_CONVERSION = YES_AGGRESSIVE;
				CLANG_CXX_LANGUAGE_STANDARD = "gnu++0x";
				CLANG_CXX_LIBRARY = "libc++";
				CLANG_ENABLE_MODULES = YES;
				CLANG_ENABLE_OBJC_ARC = YES;
				CLANG_WARN_BOOL_CONVERSION = YES;
				CLANG_WARN_CONSTANT_CONVERSION = YES;
				CLANG_WARN_DIRECT_OBJC_ISA_USAGE = YES_ERROR;
				CLANG_WARN_DOCUMENTATION_COMMENTS = YES;
				CLANG_WARN_EMPTY_BODY = YES;
				CLANG_WARN_ENUM_CONVERSION = YES;
				CLANG_WARN_INFINITE_RECURSION = YES;
				CLANG_WARN_INT_CONVERSION = YES;
				CLANG_WARN_OBJC_ROOT_CLASS = YES_ERROR;
				CLANG_WARN_SUSPICIOUS_MOVE = YES;
				CLANG_WARN_UNREACHABLE_CODE = YES;
				CLANG_WARN__DUPLICATE_METHOD_MATCH = YES;
				"CODE_SIGN_IDENTITY[sdk=iphoneos*]" = "iPhone Developer";
				COPY_PHASE_STRIP = NO;
				DEBUG_INFORMATION_FORMAT = "dwarf-with-dsym";
				ENABLE_NS_ASSERTIONS = NO;
				ENABLE_STRICT_OBJC_MSGSEND = YES;
				GCC_C_LANGUAGE_STANDARD = gnu99;
				GCC_NO_COMMON_BLOCKS = YES;
				GCC_WARN_64_TO_32_BIT_CONVERSION = YES;
				GCC_WARN_ABOUT_RETURN_TYPE = YES_ERROR;
				GCC_WARN_UNDECLARED_SELECTOR = YES;
				GCC_WARN_UNINITIALIZED_AUTOS = YES_AGGRESSIVE;
				GCC_WARN_UNUSED_FUNCTION = YES;
				GCC_WARN_UNUSED_VARIABLE = YES;
				IPHONEOS_DEPLOYMENT_TARGET = 10.3;
				MTL_ENABLE_DEBUG_INFO = NO;
				SDKROOT = iphoneos;
				SWIFT_OPTIMIZATION_LEVEL = "-Owholemodule";
				TARGETED_DEVICE_FAMILY = "1,2";
				VALIDATE_PRODUCT = YES;
			};
			name = Release;
		};
		C2B0DE911F0C163300DF9983 /* Debug */ = {
			isa = XCBuildConfiguration;
			baseConfigurationReference = 9426295BA7F44CF1C41BF715 /* Pods-DogCRUD.debug.xcconfig */;
			buildSettings = {
				ASSETCATALOG_COMPILER_APPICON_NAME = AppIcon;
				DEVELOPMENT_TEAM = B33RKQE9R2;
				INFOPLIST_FILE = DogCRUD/Info.plist;
				LD_RUNPATH_SEARCH_PATHS = "$(inherited) @executable_path/Frameworks";
				PRODUCT_BUNDLE_IDENTIFIER = br.com.bepiducb.DogCRUD;
				PRODUCT_NAME = "$(TARGET_NAME)";
				SWIFT_VERSION = 3.0;
			};
			name = Debug;
		};
		C2B0DE921F0C163300DF9983 /* Release */ = {
			isa = XCBuildConfiguration;
			baseConfigurationReference = 9F72942CE970D95E462BC60F /* Pods-DogCRUD.release.xcconfig */;
			buildSettings = {
				ASSETCATALOG_COMPILER_APPICON_NAME = AppIcon;
				DEVELOPMENT_TEAM = B33RKQE9R2;
				INFOPLIST_FILE = DogCRUD/Info.plist;
				LD_RUNPATH_SEARCH_PATHS = "$(inherited) @executable_path/Frameworks";
				PRODUCT_BUNDLE_IDENTIFIER = br.com.bepiducb.DogCRUD;
				PRODUCT_NAME = "$(TARGET_NAME)";
				SWIFT_VERSION = 3.0;
			};
			name = Release;
		};
/* End XCBuildConfiguration section */

/* Begin XCConfigurationList section */
		C2B0DE791F0C163300DF9983 /* Build configuration list for PBXProject "DogCRUD" */ = {
			isa = XCConfigurationList;
			buildConfigurations = (
				C2B0DE8E1F0C163300DF9983 /* Debug */,
				C2B0DE8F1F0C163300DF9983 /* Release */,
			);
			defaultConfigurationIsVisible = 0;
			defaultConfigurationName = Release;
		};
		C2B0DE901F0C163300DF9983 /* Build configuration list for PBXNativeTarget "DogCRUD" */ = {
			isa = XCConfigurationList;
			buildConfigurations = (
				C2B0DE911F0C163300DF9983 /* Debug */,
				C2B0DE921F0C163300DF9983 /* Release */,
			);
			defaultConfigurationIsVisible = 0;
			defaultConfigurationName = Release;
		};
/* End XCConfigurationList section */
	};
	rootObject = C2B0DE761F0C163300DF9983 /* Project object */;
}
